
Microsoft Visual Studio Solution File, Format Version 12.00
# Visual Studio 15
VisualStudioVersion = 15.0.26730.15
MinimumVisualStudioVersion = 10.0.40219.1
Project("{FAE04EC0-301F-11D3-BF4B-00C04F79EFBC}") = "Projekt", "Projekt\Projekt.csproj", "{D8BDA3A9-961E-458B-B6C1-A8B78109F420}"
EndProject
Global
	GlobalSection(SolutionConfigurationPlatforms) = preSolution
		Debug|Any CPU = Debug|Any CPU
		Release|Any CPU = Release|Any CPU
	EndGlobalSection
	GlobalSection(ProjectConfigurationPlatforms) = postSolution
		{D8BDA3A9-961E-458B-B6C1-A8B78109F420}.Debug|Any CPU.ActiveCfg = Debug|Any CPU
		{D8BDA3A9-961E-458B-B6C1-A8B78109F420}.Debug|Any CPU.Build.0 = Debug|Any CPU
		{D8BDA3A9-961E-458B-B6C1-A8B78109F420}.Release|Any CPU.ActiveCfg = Release|Any CPU
		{D8BDA3A9-961E-458B-B6C1-A8B78109F420}.Release|Any CPU.Build.0 = Release|Any CPU
	EndGlobalSection
	GlobalSection(SolutionProperties) = preSolution
		HideSolutionNode = FALSE
	EndGlobalSection
	GlobalSection(ExtensibilityGlobals) = postSolution
		SolutionGuid = {78173F9A-FDE3-4260-88A0-5C9C1DDF1067}
	EndGlobalSection
EndGlobal
